
Microsoft Visual Studio Solution File, Format Version 12.00
# Visual Studio 2013
VisualStudioVersion = 12.0.31101.0
MinimumVisualStudioVersion = 10.0.40219.1
Project("{2150E333-8FDC-42A3-9474-1A3956D46DE8}") = "Hofstadter", "Hofstadter", "{9A90DFEF-A7EB-4301-8C6F-951C0BFF812E}"
EndProject
Project("{D954291E-2A0B-460D-934E-DC6B0785DB48}") = "Hofstadter.Shared", "Hofstadter\Hofstadter.Shared\Hofstadter.Shared.shproj", "{D52F5EB2-E366-4235-9C34-59E3FC66D091}"
EndProject
Project("{FAE04EC0-301F-11D3-BF4B-00C04F79EFBC}") = "Hofstadter.Windows", "Hofstadter\Hofstadter.Windows\Hofstadter.Windows.csproj", "{0E03D862-4F86-4C43-ACA3-3D5A73710264}"
EndProject
Project("{FAE04EC0-301F-11D3-BF4B-00C04F79EFBC}") = "Hofstadter.WindowsPhone", "Hofstadter\Hofstadter.WindowsPhone\Hofstadter.WindowsPhone.csproj", "{F42C47C8-40BC-4CF8-9C97-CEE1F684BD83}"
EndProject
Global
	GlobalSection(SharedMSBuildProjectFiles) = preSolution
		Hofstadter\Hofstadter.Shared\Hofstadter.Shared.projitems*{d52f5eb2-e366-4235-9c34-59e3fc66d091}*SharedItemsImports = 13
		Hofstadter\Hofstadter.Shared\Hofstadter.Shared.projitems*{f42c47c8-40bc-4cf8-9c97-cee1f684bd83}*SharedItemsImports = 4
		Hofstadter\Hofstadter.Shared\Hofstadter.Shared.projitems*{0e03d862-4f86-4c43-aca3-3d5a73710264}*SharedItemsImports = 4
	EndGlobalSection
	GlobalSection(SolutionConfigurationPlatforms) = preSolution
		Debug|Any CPU = Debug|Any CPU
		Debug|ARM = Debug|ARM
		Debug|x64 = Debug|x64
		Debug|x86 = Debug|x86
		Release|Any CPU = Release|Any CPU
		Release|ARM = Release|ARM
		Release|x64 = Release|x64
		Release|x86 = Release|x86
	EndGlobalSection
	GlobalSection(ProjectConfigurationPlatforms) = postSolution
		{0E03D862-4F86-4C43-ACA3-3D5A73710264}.Debug|Any CPU.ActiveCfg = Debug|Any CPU
		{0E03D862-4F86-4C43-ACA3-3D5A73710264}.Debug|Any CPU.Build.0 = Debug|Any CPU
		{0E03D862-4F86-4C43-ACA3-3D5A73710264}.Debug|Any CPU.Deploy.0 = Debug|Any CPU
		{0E03D862-4F86-4C43-ACA3-3D5A73710264}.Debug|ARM.ActiveCfg = Debug|ARM
		{0E03D862-4F86-4C43-ACA3-3D5A73710264}.Debug|ARM.Build.0 = Debug|ARM
		{0E03D862-4F86-4C43-ACA3-3D5A73710264}.Debug|ARM.Deploy.0 = Debug|ARM
		{0E03D862-4F86-4C43-ACA3-3D5A73710264}.Debug|x64.ActiveCfg = Debug|x64
		{0E03D862-4F86-4C43-ACA3-3D5A73710264}.Debug|x64.Build.0 = Debug|x64
		{0E03D862-4F86-4C43-ACA3-3D5A73710264}.Debug|x64.Deploy.0 = Debug|x64
		{0E03D862-4F86-4C43-ACA3-3D5A73710264}.Debug|x86.ActiveCfg = Debug|x86
		{0E03D862-4F86-4C43-ACA3-3D5A73710264}.Debug|x86.Build.0 = Debug|x86
		{0E03D862-4F86-4C43-ACA3-3D5A73710264}.Debug|x86.Deploy.0 = Debug|x86
		{0E03D862-4F86-4C43-ACA3-3D5A73710264}.Release|Any CPU.ActiveCfg = Release|Any CPU
		{0E03D862-4F86-4C43-ACA3-3D5A73710264}.Release|Any CPU.Build.0 = Release|Any CPU
		{0E03D862-4F86-4C43-ACA3-3D5A73710264}.Release|Any CPU.Deploy.0 = Release|Any CPU
		{0E03D862-4F86-4C43-ACA3-3D5A73710264}.Release|ARM.ActiveCfg = Release|ARM
		{0E03D862-4F86-4C43-ACA3-3D5A73710264}.Release|ARM.Build.0 = Release|ARM
		{0E03D862-4F86-4C43-ACA3-3D5A73710264}.Release|ARM.Deploy.0 = Release|ARM
		{0E03D862-4F86-4C43-ACA3-3D5A73710264}.Release|x64.ActiveCfg = Release|x64
		{0E03D862-4F86-4C43-ACA3-3D5A73710264}.Release|x64.Build.0 = Release|x64
		{0E03D862-4F86-4C43-ACA3-3D5A73710264}.Release|x64.Deploy.0 = Release|x64
		{0E03D862-4F86-4C43-ACA3-3D5A73710264}.Release|x86.ActiveCfg = Release|x86
		{0E03D862-4F86-4C43-ACA3-3D5A73710264}.Release|x86.Build.0 = Release|x86
		{0E03D862-4F86-4C43-ACA3-3D5A73710264}.Release|x86.Deploy.0 = Release|x86
		{F42C47C8-40BC-4CF8-9C97-CEE1F684BD83}.Debug|Any CPU.ActiveCfg = Debug|Any CPU
		{F42C47C8-40BC-4CF8-9C97-CEE1F684BD83}.Debug|Any CPU.Build.0 = Debug|Any CPU
		{F42C47C8-40BC-4CF8-9C97-CEE1F684BD83}.Debug|Any CPU.Deploy.0 = Debug|Any CPU
		{F42C47C8-40BC-4CF8-9C97-CEE1F684BD83}.Debug|ARM.ActiveCfg = Debug|ARM
		{F42C47C8-40BC-4CF8-9C97-CEE1F684BD83}.Debug|ARM.Build.0 = Debug|ARM
		{F42C47C8-40BC-4CF8-9C97-CEE1F684BD83}.Debug|ARM.Deploy.0 = Debug|ARM
		{F42C47C8-40BC-4CF8-9C97-CEE1F684BD83}.Debug|x64.ActiveCfg = Debug|Any CPU
		{F42C47C8-40BC-4CF8-9C97-CEE1F684BD83}.Debug|x86.ActiveCfg = Debug|x86
		{F42C47C8-40BC-4CF8-9C97-CEE1F684BD83}.Debug|x86.Build.0 = Debug|x86
		{F42C47C8-40BC-4CF8-9C97-CEE1F684BD83}.Debug|x86.Deploy.0 = Debug|x86
		{F42C47C8-40BC-4CF8-9C97-CEE1F684BD83}.Release|Any CPU.ActiveCfg = Release|Any CPU
		{F42C47C8-40BC-4CF8-9C97-CEE1F684BD83}.Release|Any CPU.Build.0 = Release|Any CPU
		{F42C47C8-40BC-4CF8-9C97-CEE1F684BD83}.Release|Any CPU.Deploy.0 = Release|Any CPU
		{F42C47C8-40BC-4CF8-9C97-CEE1F684BD83}.Release|ARM.ActiveCfg = Release|ARM
		{F42C47C8-40BC-4CF8-9C97-CEE1F684BD83}.Release|ARM.Build.0 = Release|ARM
		{F42C47C8-40BC-4CF8-9C97-CEE1F684BD83}.Release|ARM.Deploy.0 = Release|ARM
		{F42C47C8-40BC-4CF8-9C97-CEE1F684BD83}.Release|x64.ActiveCfg = Release|Any CPU
		{F42C47C8-40BC-4CF8-9C97-CEE1F684BD83}.Release|x86.ActiveCfg = Release|x86
		{F42C47C8-40BC-4CF8-9C97-CEE1F684BD83}.Release|x86.Build.0 = Release|x86
		{F42C47C8-40BC-4CF8-9C97-CEE1F684BD83}.Release|x86.Deploy.0 = Release|x86
	EndGlobalSection
	GlobalSection(SolutionProperties) = preSolution
		HideSolutionNode = FALSE
	EndGlobalSection
	GlobalSection(NestedProjects) = preSolution
		{D52F5EB2-E366-4235-9C34-59E3FC66D091} = {9A90DFEF-A7EB-4301-8C6F-951C0BFF812E}
		{0E03D862-4F86-4C43-ACA3-3D5A73710264} = {9A90DFEF-A7EB-4301-8C6F-951C0BFF812E}
		{F42C47C8-40BC-4CF8-9C97-CEE1F684BD83} = {9A90DFEF-A7EB-4301-8C6F-951C0BFF812E}
	EndGlobalSection
EndGlobal
